// !$*UTF8*$!
{
	archiveVersion = 1;
	classes = {
	};
	objectVersion = 48;
	objects = {

/* Begin PBXBuildFile section */
		410AF8CF207AFA1800356F70 /* ContentView.swift in Sources */ = {isa = PBXBuildFile; fileRef = 410AF8CE207AFA1800356F70 /* ContentView.swift */; };
		413F4792205AF8A30075501F /* BuildingDetailView.swift in Sources */ = {isa = PBXBuildFile; fileRef = 413F4791205AF8A30075501F /* BuildingDetailView.swift */; };
		41ACFF7320923A8000C1B055 /* ExploreView.swift in Sources */ = {isa = PBXBuildFile; fileRef = 41ACFF7220923A8000C1B055 /* ExploreView.swift */; };
		41ACFF75209241DE00C1B055 /* RouteViewModel.swift in Sources */ = {isa = PBXBuildFile; fileRef = 41ACFF74209241DE00C1B055 /* RouteViewModel.swift */; };
		41F70C80207BF35B00B35DD9 /* CreditsView.swift in Sources */ = {isa = PBXBuildFile; fileRef = 41F70C7F207BF35B00B35DD9 /* CreditsView.swift */; };
		CF35AD902059985B00A3F17D /* CampusAccesibleApp.swift in Sources */ = {isa = PBXBuildFile; fileRef = CF35AD8F2059985B00A3F17D /* CampusAccesibleApp.swift */; };
		CF35AD922059985B00A3F17D /* RouteView.swift in Sources */ = {isa = PBXBuildFile; fileRef = CF35AD912059985B00A3F17D /* RouteView.swift */; };
		CF35AD972059985B00A3F17D /* Main.storyboard in Resources */ = {isa = PBXBuildFile; fileRef = CF35AD952059985B00A3F17D /* Main.storyboard */; };
		CF35AD992059985B00A3F17D /* Assets.xcassets in Resources */ = {isa = PBXBuildFile; fileRef = CF35AD982059985B00A3F17D /* Assets.xcassets */; };
		CF35AD9C2059985B00A3F17D /* LaunchScreen.storyboard in Resources */ = {isa = PBXBuildFile; fileRef = CF35AD9A2059985B00A3F17D /* LaunchScreen.storyboard */; };
		CF35ADA72059985B00A3F17D /* CampusAccesibleTests.swift in Sources */ = {isa = PBXBuildFile; fileRef = CF35ADA62059985B00A3F17D /* CampusAccesibleTests.swift */; };
		CF35ADB22059985B00A3F17D /* CampusAccesibleUITests.swift in Sources */ = {isa = PBXBuildFile; fileRef = CF35ADB12059985B00A3F17D /* CampusAccesibleUITests.swift */; };
		CF9A7370207B34870018B2F7 /* Building.swift in Sources */ = {isa = PBXBuildFile; fileRef = CF9A736F207B34870018B2F7 /* Building.swift */; };
		ED1C226F205A2B110095FFC3 /* PathfindingService.swift in Sources */ = {isa = PBXBuildFile; fileRef = ED1C226E205A2B110095FFC3 /* PathfindingService.swift */; };
		ED334CFC205A3A960041E564 /* CampusCoordinate.swift in Sources */ = {isa = PBXBuildFile; fileRef = ED334CFB205A3A960041E564 /* CampusCoordinate.swift */; };
		ED334D01205A3B840041E564 /* CampusDataService.swift in Sources */ = {isa = PBXBuildFile; fileRef = ED334D00205A3B840041E564 /* CampusDataService.swift */; };
		EDEA495F205A01FE004485C4 /* ListaCaminos.plist in Resources */ = {isa = PBXBuildFile; fileRef = EDEA495E205A01FE004485C4 /* ListaCaminos.plist */; };
		EDEA4963205A020E004485C4 /* ListaEdificios.plist in Resources */ = {isa = PBXBuildFile; fileRef = EDEA4962205A020E004485C4 /* ListaEdificios.plist */; };
		EDEA4965205A0216004485C4 /* PuntosClave.plist in Resources */ = {isa = PBXBuildFile; fileRef = EDEA4964205A0216004485C4 /* PuntosClave.plist */; };
		EDEA4967205A0235004485C4 /* Coords.plist in Resources */ = {isa = PBXBuildFile; fileRef = EDEA4966205A0235004485C4 /* Coords.plist */; };
/* End PBXBuildFile section */

/* Begin PBXContainerItemProxy section */
		CF35ADA32059985B00A3F17D /* PBXContainerItemProxy */ = {
			isa = PBXContainerItemProxy;
			containerPortal = CF35AD842059985B00A3F17D /* Project object */;
			proxyType = 1;
			remoteGlobalIDString = CF35AD8B2059985B00A3F17D;
			remoteInfo = CampusAccesible;
		};
		CF35ADAE2059985B00A3F17D /* PBXContainerItemProxy */ = {
			isa = PBXContainerItemProxy;
			containerPortal = CF35AD842059985B00A3F17D /* Project object */;
			proxyType = 1;
			remoteGlobalIDString = CF35AD8B2059985B00A3F17D;
			remoteInfo = CampusAccesible;
		};
/* End PBXContainerItemProxy section */

/* Begin PBXFileReference section */
		410AF8CE207AFA1800356F70 /* ContentView.swift */ = {isa = PBXFileReference; lastKnownFileType = sourcecode.swift; path = ContentView.swift; sourceTree = "<group>"; };
		413F4791205AF8A30075501F /* BuildingDetailView.swift */ = {isa = PBXFileReference; lastKnownFileType = sourcecode.swift; path = BuildingDetailView.swift; sourceTree = "<group>"; };
		41ACFF7220923A8000C1B055 /* ExploreView.swift */ = {isa = PBXFileReference; lastKnownFileType = sourcecode.swift; path = ExploreView.swift; sourceTree = "<group>"; };
		41ACFF74209241DE00C1B055 /* RouteViewModel.swift */ = {isa = PBXFileReference; lastKnownFileType = sourcecode.swift; path = RouteViewModel.swift; sourceTree = "<group>"; };
		41F70C7F207BF35B00B35DD9 /* CreditsView.swift */ = {isa = PBXFileReference; lastKnownFileType = sourcecode.swift; path = CreditsView.swift; sourceTree = "<group>"; };
		CF35AD8C2059985B00A3F17D /* CampusAccesible.app */ = {isa = PBXFileReference; explicitFileType = wrapper.application; includeInIndex = 0; path = CampusAccesible.app; sourceTree = BUILT_PRODUCTS_DIR; };
		CF35AD8F2059985B00A3F17D /* CampusAccesibleApp.swift */ = {isa = PBXFileReference; lastKnownFileType = sourcecode.swift; path = CampusAccesibleApp.swift; sourceTree = "<group>"; };
		CF35AD912059985B00A3F17D /* RouteView.swift */ = {isa = PBXFileReference; lastKnownFileType = sourcecode.swift; path = RouteView.swift; sourceTree = "<group>"; };
		CF35AD962059985B00A3F17D /* Base */ = {isa = PBXFileReference; lastKnownFileType = file.storyboard; name = Base; path = Base.lproj/Main.storyboard; sourceTree = "<group>"; };
		CF35AD982059985B00A3F17D /* Assets.xcassets */ = {isa = PBXFileReference; lastKnownFileType = folder.assetcatalog; path = Assets.xcassets; sourceTree = "<group>"; };
		CF35AD9B2059985B00A3F17D /* Base */ = {isa = PBXFileReference; lastKnownFileType = file.storyboard; name = Base; path = Base.lproj/LaunchScreen.storyboard; sourceTree = "<group>"; };
		CF35AD9D2059985B00A3F17D /* Info.plist */ = {isa = PBXFileReference; lastKnownFileType = text.plist.xml; path = Info.plist; sourceTree = "<group>"; };
		CF35ADA22059985B00A3F17D /* CampusAccesibleTests.xctest */ = {isa = PBXFileReference; explicitFileType = wrapper.cfbundle; includeInIndex = 0; path = CampusAccesibleTests.xctest; sourceTree = BUILT_PRODUCTS_DIR; };
		CF35ADA62059985B00A3F17D /* CampusAccesibleTests.swift */ = {isa = PBXFileReference; lastKnownFileType = sourcecode.swift; path = CampusAccesibleTests.swift; sourceTree = "<group>"; };
		CF35ADA82059985B00A3F17D /* Info.plist */ = {isa = PBXFileReference; lastKnownFileType = text.plist.xml; path = Info.plist; sourceTree = "<group>"; };
		CF35ADAD2059985B00A3F17D /* CampusAccesibleUITests.xctest */ = {isa = PBXFileReference; explicitFileType = wrapper.cfbundle; includeInIndex = 0; path = CampusAccesibleUITests.xctest; sourceTree = BUILT_PRODUCTS_DIR; };
		CF35ADB12059985B00A3F17D /* CampusAccesibleUITests.swift */ = {isa = PBXFileReference; lastKnownFileType = sourcecode.swift; path = CampusAccesibleUITests.swift; sourceTree = "<group>"; };
		CF35ADB32059985B00A3F17D /* Info.plist */ = {isa = PBXFileReference; lastKnownFileType = text.plist.xml; path = Info.plist; sourceTree = "<group>"; };
		CF9A736F207B34870018B2F7 /* Building.swift */ = {isa = PBXFileReference; lastKnownFileType = sourcecode.swift; path = Building.swift; sourceTree = "<group>"; };
		CFB2D1A72090FFA600378A14 /* centroEstudiantil.gpx */ = {isa = PBXFileReference; lastKnownFileType = text.xml; path = centroEstudiantil.gpx; sourceTree = "<group>"; };
		CFB2D1A82090FFA700378A14 /* biblio.gpx */ = {isa = PBXFileReference; lastKnownFileType = text.xml; path = biblio.gpx; sourceTree = "<group>"; };
		ED1C226E205A2B110095FFC3 /* PathfindingService.swift */ = {isa = PBXFileReference; lastKnownFileType = sourcecode.swift; path = PathfindingService.swift; sourceTree = "<group>"; };
		ED334CFB205A3A960041E564 /* CampusCoordinate.swift */ = {isa = PBXFileReference; lastKnownFileType = sourcecode.swift; path = CampusCoordinate.swift; sourceTree = "<group>"; };
		ED334D00205A3B840041E564 /* CampusDataService.swift */ = {isa = PBXFileReference; lastKnownFileType = sourcecode.swift; path = CampusDataService.swift; sourceTree = "<group>"; };
		EDEA495E205A01FE004485C4 /* ListaCaminos.plist */ = {isa = PBXFileReference; fileEncoding = 4; lastKnownFileType = text.plist.xml; path = ListaCaminos.plist; sourceTree = "<group>"; };
		EDEA4962205A020E004485C4 /* ListaEdificios.plist */ = {isa = PBXFileReference; fileEncoding = 4; lastKnownFileType = text.plist.xml; path = ListaEdificios.plist; sourceTree = "<group>"; };
		EDEA4964205A0216004485C4 /* PuntosClave.plist */ = {isa = PBXFileReference; fileEncoding = 4; lastKnownFileType = text.plist.xml; path = PuntosClave.plist; sourceTree = "<group>"; };
		EDEA4966205A0235004485C4 /* Coords.plist */ = {isa = PBXFileReference; fileEncoding = 4; lastKnownFileType = text.plist.xml; path = Coords.plist; sourceTree = "<group>"; };
/* End PBXFileReference section */

/* Begin PBXFrameworksBuildPhase section */
		CF35AD892059985B00A3F17D /* Frameworks */ = {
			isa = PBXFrameworksBuildPhase;
			buildActionMask = 2147483647;
			files = (
			);
			runOnlyForDeploymentPostprocessing = 0;
		};
		CF35AD9F2059985B00A3F17D /* Frameworks */ = {
			isa = PBXFrameworksBuildPhase;
			buildActionMask = 2147483647;
			files = (
			);
			runOnlyForDeploymentPostprocessing = 0;
		};
		CF35ADAA2059985B00A3F17D /* Frameworks */ = {
			isa = PBXFrameworksBuildPhase;
			buildActionMask = 2147483647;
			files = (
			);
			runOnlyForDeploymentPostprocessing = 0;
		};
/* End PBXFrameworksBuildPhase section */

/* Begin PBXGroup section */
		CF35AD832059985B00A3F17D = {
			isa = PBXGroup;
			children = (
				CF35AD8E2059985B00A3F17D /* CampusAccesible */,
				CF35ADA52059985B00A3F17D /* CampusAccesibleTests */,
				CF35ADB02059985B00A3F17D /* CampusAccesibleUITests */,
				CF35AD8D2059985B00A3F17D /* Products */,
			);
			sourceTree = "<group>";
		};
		CF35AD8D2059985B00A3F17D /* Products */ = {
			isa = PBXGroup;
			children = (
				CF35AD8C2059985B00A3F17D /* CampusAccesible.app */,
				CF35ADA22059985B00A3F17D /* CampusAccesibleTests.xctest */,
				CF35ADAD2059985B00A3F17D /* CampusAccesibleUITests.xctest */,
			);
			name = Products;
			sourceTree = "<group>";
		};
		CF35AD8E2059985B00A3F17D /* CampusAccesible */ = {
			isa = PBXGroup;
			children = (
				CFB2D1A62090FF9A00378A14 /* Locations */,
				ED334CFF205A3B4D0041E564 /* Data */,
				ED334CFE205A3B2D0041E564 /* Controllers */,
				ED334CFD205A3B130041E564 /* Classes */,
				CF35AD8F2059985B00A3F17D /* CampusAccesibleApp.swift */,
				CF35AD952059985B00A3F17D /* Main.storyboard */,
				CF35AD982059985B00A3F17D /* Assets.xcassets */,
				CF35AD9A2059985B00A3F17D /* LaunchScreen.storyboard */,
				CF35AD9D2059985B00A3F17D /* Info.plist */,
			);
			path = CampusAccesible;
			sourceTree = "<group>";
		};
		CF35ADA52059985B00A3F17D /* CampusAccesibleTests */ = {
			isa = PBXGroup;
			children = (
				CF35ADA62059985B00A3F17D /* CampusAccesibleTests.swift */,
				CF35ADA82059985B00A3F17D /* Info.plist */,
			);
			path = CampusAccesibleTests;
			sourceTree = "<group>";
		};
		CF35ADB02059985B00A3F17D /* CampusAccesibleUITests */ = {
			isa = PBXGroup;
			children = (
				CF35ADB12059985B00A3F17D /* CampusAccesibleUITests.swift */,
				CF35ADB32059985B00A3F17D /* Info.plist */,
			);
			path = CampusAccesibleUITests;
			sourceTree = "<group>";
		};
		CFB2D1A62090FF9A00378A14 /* Locations */ = {
			isa = PBXGroup;
			children = (
				CFB2D1A72090FFA600378A14 /* centroEstudiantil.gpx */,
				CFB2D1A82090FFA700378A14 /* biblio.gpx */,
			);
			path = Locations;
			sourceTree = "<group>";
		};
		ED334CFD205A3B130041E564 /* Classes */ = {
			isa = PBXGroup;
			children = (
				ED334CFB205A3A960041E564 /* CampusCoordinate.swift */,
				ED1C226E205A2B110095FFC3 /* PathfindingService.swift */,
				ED334D00205A3B840041E564 /* CampusDataService.swift */,
				CF9A736F207B34870018B2F7 /* Building.swift */,
				41ACFF7220923A8000C1B055 /* ExploreView.swift */,
				41ACFF74209241DE00C1B055 /* RouteViewModel.swift */,
				410AF8CE207AFA1800356F70 /* ContentView.swift */,
			);
			path = Classes;
			sourceTree = "<group>";
		};
		ED334CFE205A3B2D0041E564 /* Controllers */ = {
			isa = PBXGroup;
			children = (
				41F70C7F207BF35B00B35DD9 /* CreditsView.swift */,
				CF35AD912059985B00A3F17D /* RouteView.swift */,
				413F4791205AF8A30075501F /* BuildingDetailView.swift */,
			);
			path = Controllers;
			sourceTree = "<group>";
		};
		ED334CFF205A3B4D0041E564 /* Data */ = {
			isa = PBXGroup;
			children = (
				EDEA495E205A01FE004485C4 /* ListaCaminos.plist */,
				EDEA4962205A020E004485C4 /* ListaEdificios.plist */,
				EDEA4964205A0216004485C4 /* PuntosClave.plist */,
				EDEA4966205A0235004485C4 /* Coords.plist */,
			);
			path = Data;
			sourceTree = "<group>";
		};
/* End PBXGroup section */

/* Begin PBXNativeTarget section */
		CF35AD8B2059985B00A3F17D /* CampusAccesible */ = {
			isa = PBXNativeTarget;
			buildConfigurationList = CF35ADB62059985B00A3F17D /* Build configuration list for PBXNativeTarget "CampusAccesible" */;
			buildPhases = (
				CF35AD882059985B00A3F17D /* Sources */,
				CF35AD892059985B00A3F17D /* Frameworks */,
				CF35AD8A2059985B00A3F17D /* Resources */,
			);
			buildRules = (
			);
			dependencies = (
			);
			name = CampusAccesible;
			productName = CampusAccesible;
			productReference = CF35AD8C2059985B00A3F17D /* CampusAccesible.app */;
			productType = "com.apple.product-type.application";
		};
		CF35ADA12059985B00A3F17D /* CampusAccesibleTests */ = {
			isa = PBXNativeTarget;
			buildConfigurationList = CF35ADB92059985B00A3F17D /* Build configuration list for PBXNativeTarget "CampusAccesibleTests" */;
			buildPhases = (
				CF35AD9E2059985B00A3F17D /* Sources */,
				CF35AD9F2059985B00A3F17D /* Frameworks */,
				CF35ADA02059985B00A3F17D /* Resources */,
			);
			buildRules = (
			);
			dependencies = (
				CF35ADA42059985B00A3F17D /* PBXTargetDependency */,
			);
			name = CampusAccesibleTests;
			productName = CampusAccesibleTests;
			productReference = CF35ADA22059985B00A3F17D /* CampusAccesibleTests.xctest */;
			productType = "com.apple.product-type.bundle.unit-test";
		};
		CF35ADAC2059985B00A3F17D /* CampusAccesibleUITests */ = {
			isa = PBXNativeTarget;
			buildConfigurationList = CF35ADBC2059985B00A3F17D /* Build configuration list for PBXNativeTarget "CampusAccesibleUITests" */;
			buildPhases = (
				CF35ADA92059985B00A3F17D /* Sources */,
				CF35ADAA2059985B00A3F17D /* Frameworks */,
				CF35ADAB2059985B00A3F17D /* Resources */,
			);
			buildRules = (
			);
			dependencies = (
				CF35ADAF2059985B00A3F17D /* PBXTargetDependency */,
			);
			name = CampusAccesibleUITests;
			productName = CampusAccesibleUITests;
			productReference = CF35ADAD2059985B00A3F17D /* CampusAccesibleUITests.xctest */;
			productType = "com.apple.product-type.bundle.ui-testing";
		};
/* End PBXNativeTarget section */

/* Begin PBXProject section */
		CF35AD842059985B00A3F17D /* Project object */ = {
			isa = PBXProject;
			attributes = {
				LastSwiftUpdateCheck = 0910;
				LastUpgradeCheck = 0930;
				ORGANIZATIONNAME = "iOS Moviles";
				TargetAttributes = {
					CF35AD8B2059985B00A3F17D = {
						CreatedOnToolsVersion = 9.1;
						ProvisioningStyle = Automatic;
					};
					CF35ADA12059985B00A3F17D = {
						CreatedOnToolsVersion = 9.1;
						ProvisioningStyle = Automatic;
						TestTargetID = CF35AD8B2059985B00A3F17D;
					};
					CF35ADAC2059985B00A3F17D = {
						CreatedOnToolsVersion = 9.1;
						ProvisioningStyle = Automatic;
						TestTargetID = CF35AD8B2059985B00A3F17D;
					};
				};
			};
			buildConfigurationList = CF35AD872059985B00A3F17D /* Build configuration list for PBXProject "CampusAccesible" */;
			compatibilityVersion = "Xcode 8.0";
			developmentRegion = en;
			hasScannedForEncodings = 0;
			knownRegions = (
				en,
				Base,
			);
			mainGroup = CF35AD832059985B00A3F17D;
			productRefGroup = CF35AD8D2059985B00A3F17D /* Products */;
			projectDirPath = "";
			projectRoot = "";
			targets = (
				CF35AD8B2059985B00A3F17D /* CampusAccesible */,
				CF35ADA12059985B00A3F17D /* CampusAccesibleTests */,
				CF35ADAC2059985B00A3F17D /* CampusAccesibleUITests */,
			);
		};
/* End PBXProject section */

/* Begin PBXResourcesBuildPhase section */
		CF35AD8A2059985B00A3F17D /* Resources */ = {
			isa = PBXResourcesBuildPhase;
			buildActionMask = 2147483647;
			files = (
				CF35AD9C2059985B00A3F17D /* LaunchScreen.storyboard in Resources */,
				CF35AD992059985B00A3F17D /* Assets.xcassets in Resources */,
				EDEA4963205A020E004485C4 /* ListaEdificios.plist in Resources */,
				CF35AD972059985B00A3F17D /* Main.storyboard in Resources */,
				EDEA495F205A01FE004485C4 /* ListaCaminos.plist in Resources */,
				EDEA4967205A0235004485C4 /* Coords.plist in Resources */,
				EDEA4965205A0216004485C4 /* PuntosClave.plist in Resources */,
			);
			runOnlyForDeploymentPostprocessing = 0;
		};
		CF35ADA02059985B00A3F17D /* Resources */ = {
			isa = PBXResourcesBuildPhase;
			buildActionMask = 2147483647;
			files = (
			);
			runOnlyForDeploymentPostprocessing = 0;
		};
		CF35ADAB2059985B00A3F17D /* Resources */ = {
			isa = PBXResourcesBuildPhase;
			buildActionMask = 2147483647;
			files = (
			);
			runOnlyForDeploymentPostprocessing = 0;
		};
/* End PBXResourcesBuildPhase section */

/* Begin PBXSourcesBuildPhase section */
		CF35AD882059985B00A3F17D /* Sources */ = {
			isa = PBXSourcesBuildPhase;
			buildActionMask = 2147483647;
			files = (
				41F70C80207BF35B00B35DD9 /* CreditsView.swift in Sources */,
				410AF8CF207AFA1800356F70 /* ContentView.swift in Sources */,
				41ACFF7320923A8000C1B055 /* ExploreView.swift in Sources */,
				ED334D01205A3B840041E564 /* CampusDataService.swift in Sources */,
				CF9A7370207B34870018B2F7 /* Building.swift in Sources */,
				CF35AD902059985B00A3F17D /* CampusAccesibleApp.swift in Sources */,
				413F4792205AF8A30075501F /* BuildingDetailView.swift in Sources */,
				ED1C226F205A2B110095FFC3 /* PathfindingService.swift in Sources */,
				CF35AD922059985B00A3F17D /* RouteView.swift in Sources */,
				ED334CFC205A3A960041E564 /* CampusCoordinate.swift in Sources */,
				41ACFF75209241DE00C1B055 /* RouteViewModel.swift in Sources */,
			);
			runOnlyForDeploymentPostprocessing = 0;
		};
		CF35AD9E2059985B00A3F17D /* Sources */ = {
			isa = PBXSourcesBuildPhase;
			buildActionMask = 2147483647;
			files = (
				CF35ADA72059985B00A3F17D /* CampusAccesibleTests.swift in Sources */,
			);
			runOnlyForDeploymentPostprocessing = 0;
		};
		CF35ADA92059985B00A3F17D /* Sources */ = {
			isa = PBXSourcesBuildPhase;
			buildActionMask = 2147483647;
			files = (
				CF35ADB22059985B00A3F17D /* CampusAccesibleUITests.swift in Sources */,
			);
			runOnlyForDeploymentPostprocessing = 0;
		};
/* End PBXSourcesBuildPhase section */

/* Begin PBXTargetDependency section */
		CF35ADA42059985B00A3F17D /* PBXTargetDependency */ = {
			isa = PBXTargetDependency;
			target = CF35AD8B2059985B00A3F17D /* CampusAccesible */;
			targetProxy = CF35ADA32059985B00A3F17D /* PBXContainerItemProxy */;
		};
		CF35ADAF2059985B00A3F17D /* PBXTargetDependency */ = {
			isa = PBXTargetDependency;
			target = CF35AD8B2059985B00A3F17D /* CampusAccesible */;
			targetProxy = CF35ADAE2059985B00A3F17D /* PBXContainerItemProxy */;
		};
/* End PBXTargetDependency section */

/* Begin PBXVariantGroup section */
		CF35AD952059985B00A3F17D /* Main.storyboard */ = {
			isa = PBXVariantGroup;
			children = (
				CF35AD962059985B00A3F17D /* Base */,
			);
			name = Main.storyboard;
			sourceTree = "<group>";
		};
		CF35AD9A2059985B00A3F17D /* LaunchScreen.storyboard */ = {
			isa = PBXVariantGroup;
			children = (
				CF35AD9B2059985B00A3F17D /* Base */,
			);
			name = LaunchScreen.storyboard;
			sourceTree = "<group>";
		};
/* End PBXVariantGroup section */

/* Begin XCBuildConfiguration section */
		CF35ADB42059985B00A3F17D /* Debug */ = {
			isa = XCBuildConfiguration;
			buildSettings = {
				ALWAYS_SEARCH_USER_PATHS = NO;
				CLANG_ANALYZER_NONNULL = YES;
				CLANG_ANALYZER_NUMBER_OBJECT_CONVERSION = YES_AGGRESSIVE;
				CLANG_CXX_LANGUAGE_STANDARD = "gnu++14";
				CLANG_CXX_LIBRARY = "libc++";
				CLANG_ENABLE_MODULES = YES;
				CLANG_ENABLE_OBJC_ARC = YES;
				CLANG_WARN_BLOCK_CAPTURE_AUTORELEASING = YES;
				CLANG_WARN_BOOL_CONVERSION = YES;
				CLANG_WARN_COMMA = YES;
				CLANG_WARN_CONSTANT_CONVERSION = YES;
				CLANG_WARN_DEPRECATED_OBJC_IMPLEMENTATIONS = YES;
				CLANG_WARN_DIRECT_OBJC_ISA_USAGE = YES_ERROR;
				CLANG_WARN_DOCUMENTATION_COMMENTS = YES;
				CLANG_WARN_EMPTY_BODY = YES;
				CLANG_WARN_ENUM_CONVERSION = YES;
				CLANG_WARN_INFINITE_RECURSION = YES;
				CLANG_WARN_INT_CONVERSION = YES;
				CLANG_WARN_NON_LITERAL_NULL_CONVERSION = YES;
				CLANG_WARN_OBJC_IMPLICIT_RETAIN_SELF = YES;
				CLANG_WARN_OBJC_LITERAL_CONVERSION = YES;
				CLANG_WARN_OBJC_ROOT_CLASS = YES_ERROR;
				CLANG_WARN_RANGE_LOOP_ANALYSIS = YES;
				CLANG_WARN_STRICT_PROTOTYPES = YES;
				CLANG_WARN_SUSPICIOUS_MOVE = YES;
				CLANG_WARN_UNGUARDED_AVAILABILITY = YES_AGGRESSIVE;
				CLANG_WARN_UNREACHABLE_CODE = YES;
				CLANG_WARN__DUPLICATE_METHOD_MATCH = YES;
				CODE_SIGN_IDENTITY = "iPhone Developer";
				COPY_PHASE_STRIP = NO;
				DEBUG_INFORMATION_FORMAT = dwarf;
				ENABLE_STRICT_OBJC_MSGSEND = YES;
				ENABLE_TESTABILITY = YES;
				GCC_C_LANGUAGE_STANDARD = gnu11;
				GCC_DYNAMIC_NO_PIC = NO;
				GCC_NO_COMMON_BLOCKS = YES;
				GCC_OPTIMIZATION_LEVEL = 0;
				GCC_PREPROCESSOR_DEFINITIONS = (
					"DEBUG=1",
					"$(inherited)",
				);
				GCC_WARN_64_TO_32_BIT_CONVERSION = YES;
				GCC_WARN_ABOUT_RETURN_TYPE = YES_ERROR;
				GCC_WARN_UNDECLARED_SELECTOR = YES;
				GCC_WARN_UNINITIALIZED_AUTOS = YES_AGGRESSIVE;
				GCC_WARN_UNUSED_FUNCTION = YES;
				GCC_WARN_UNUSED_VARIABLE = YES;
				IPHONEOS_DEPLOYMENT_TARGET = 10.0;
				MTL_ENABLE_DEBUG_INFO = YES;
				ONLY_ACTIVE_ARCH = YES;
				SDKROOT = iphoneos;
				SWIFT_ACTIVE_COMPILATION_CONDITIONS = DEBUG;
				SWIFT_OPTIMIZATION_LEVEL = "-Onone";
			};
			name = Debug;
		};
		CF35ADB52059985B00A3F17D /* Release */ = {
			isa = XCBuildConfiguration;
			buildSettings = {
				ALWAYS_SEARCH_USER_PATHS = NO;
				CLANG_ANALYZER_NONNULL = YES;
				CLANG_ANALYZER_NUMBER_OBJECT_CONVERSION = YES_AGGRESSIVE;
				CLANG_CXX_LANGUAGE_STANDARD = "gnu++14";
				CLANG_CXX_LIBRARY = "libc++";
				CLANG_ENABLE_MODULES = YES;
				CLANG_ENABLE_OBJC_ARC = YES;
				CLANG_WARN_BLOCK_CAPTURE_AUTORELEASING = YES;
				CLANG_WARN_BOOL_CONVERSION = YES;
				CLANG_WARN_COMMA = YES;
				CLANG_WARN_CONSTANT_CONVERSION = YES;
				CLANG_WARN_DEPRECATED_OBJC_IMPLEMENTATIONS = YES;
				CLANG_WARN_DIRECT_OBJC_ISA_USAGE = YES_ERROR;
				CLANG_WARN_DOCUMENTATION_COMMENTS = YES;
				CLANG_WARN_EMPTY_BODY = YES;
				CLANG_WARN_ENUM_CONVERSION = YES;
				CLANG_WARN_INFINITE_RECURSION = YES;
				CLANG_WARN_INT_CONVERSION = YES;
				CLANG_WARN_NON_LITERAL_NULL_CONVERSION = YES;
				CLANG_WARN_OBJC_IMPLICIT_RETAIN_SELF = YES;
				CLANG_WARN_OBJC_LITERAL_CONVERSION = YES;
				CLANG_WARN_OBJC_ROOT_CLASS = YES_ERROR;
				CLANG_WARN_RANGE_LOOP_ANALYSIS = YES;
				CLANG_WARN_STRICT_PROTOTYPES = YES;
				CLANG_WARN_SUSPICIOUS_MOVE = YES;
				CLANG_WARN_UNGUARDED_AVAILABILITY = YES_AGGRESSIVE;
				CLANG_WARN_UNREACHABLE_CODE = YES;
				CLANG_WARN__DUPLICATE_METHOD_MATCH = YES;
				CODE_SIGN_IDENTITY = "iPhone Developer";
				COPY_PHASE_STRIP = NO;
				DEBUG_INFORMATION_FORMAT = "dwarf-with-dsym";
				ENABLE_NS_ASSERTIONS = NO;
				ENABLE_STRICT_OBJC_MSGSEND = YES;
				GCC_C_LANGUAGE_STANDARD = gnu11;
				GCC_NO_COMMON_BLOCKS = YES;
				GCC_WARN_64_TO_32_BIT_CONVERSION = YES;
				GCC_WARN_ABOUT_RETURN_TYPE = YES_ERROR;
				GCC_WARN_UNDECLARED_SELECTOR = YES;
				GCC_WARN_UNINITIALIZED_AUTOS = YES_AGGRESSIVE;
				GCC_WARN_UNUSED_FUNCTION = YES;
				GCC_WARN_UNUSED_VARIABLE = YES;
				IPHONEOS_DEPLOYMENT_TARGET = 10.0;
				MTL_ENABLE_DEBUG_INFO = NO;
				SDKROOT = iphoneos;
				SWIFT_OPTIMIZATION_LEVEL = "-Owholemodule";
				VALIDATE_PRODUCT = YES;
			};
			name = Release;
		};
		CF35ADB72059985B00A3F17D /* Debug */ = {
			isa = XCBuildConfiguration;
			buildSettings = {
				ASSETCATALOG_COMPILER_APPICON_NAME = AppIcon;
				CODE_SIGN_STYLE = Automatic;
				DEVELOPMENT_TEAM = 3N6X65VN83;
				INFOPLIST_FILE = CampusAccesible/Info.plist;
				IPHONEOS_DEPLOYMENT_TARGET = 26.0;
				LD_RUNPATH_SEARCH_PATHS = "$(inherited) @executable_path/Frameworks";
				PRODUCT_BUNDLE_IDENTIFIER = edu.itesmalumnos.exploraTec;
				PRODUCT_NAME = "$(TARGET_NAME)";
				SWIFT_VERSION = 4.0;
				TARGETED_DEVICE_FAMILY = "1,2";
			};
			name = Debug;
		};
		CF35ADB82059985B00A3F17D /* Release */ = {
			isa = XCBuildConfiguration;
			buildSettings = {
				ASSETCATALOG_COMPILER_APPICON_NAME = AppIcon;
				CODE_SIGN_STYLE = Automatic;
				DEVELOPMENT_TEAM = 3N6X65VN83;
				INFOPLIST_FILE = CampusAccesible/Info.plist;
				IPHONEOS_DEPLOYMENT_TARGET = 26.0;
				LD_RUNPATH_SEARCH_PATHS = "$(inherited) @executable_path/Frameworks";
				PRODUCT_BUNDLE_IDENTIFIER = edu.itesmalumnos.exploraTec;
				PRODUCT_NAME = "$(TARGET_NAME)";
				SWIFT_VERSION = 4.0;
				TARGETED_DEVICE_FAMILY = "1,2";
			};
			name = Release;
		};
		CF35ADBA2059985B00A3F17D /* Debug */ = {
			isa = XCBuildConfiguration;
			buildSettings = {
				ALWAYS_EMBED_SWIFT_STANDARD_LIBRARIES = YES;
				BUNDLE_LOADER = "$(TEST_HOST)";
				CODE_SIGN_STYLE = Automatic;
				INFOPLIST_FILE = CampusAccesibleTests/Info.plist;
				LD_RUNPATH_SEARCH_PATHS = "$(inherited) @executable_path/Frameworks @loader_path/Frameworks";
				PRODUCT_BUNDLE_IDENTIFIER = ITESM.CampusAccesibleTests;
				PRODUCT_NAME = "$(TARGET_NAME)";
				SWIFT_VERSION = 4.0;
				TARGETED_DEVICE_FAMILY = "1,2";
				TEST_HOST = "$(BUILT_PRODUCTS_DIR)/CampusAccesible.app/CampusAccesible";
			};
			name = Debug;
		};
		CF35ADBB2059985B00A3F17D /* Release */ = {
			isa = XCBuildConfiguration;
			buildSettings = {
				ALWAYS_EMBED_SWIFT_STANDARD_LIBRARIES = YES;
				BUNDLE_LOADER = "$(TEST_HOST)";
				CODE_SIGN_STYLE = Automatic;
				INFOPLIST_FILE = CampusAccesibleTests/Info.plist;
				LD_RUNPATH_SEARCH_PATHS = "$(inherited) @executable_path/Frameworks @loader_path/Frameworks";
				PRODUCT_BUNDLE_IDENTIFIER = ITESM.CampusAccesibleTests;
				PRODUCT_NAME = "$(TARGET_NAME)";
				SWIFT_VERSION = 4.0;
				TARGETED_DEVICE_FAMILY = "1,2";
				TEST_HOST = "$(BUILT_PRODUCTS_DIR)/CampusAccesible.app/CampusAccesible";
			};
			name = Release;
		};
		CF35ADBD2059985B00A3F17D /* Debug */ = {
			isa = XCBuildConfiguration;
			buildSettings = {
				ALWAYS_EMBED_SWIFT_STANDARD_LIBRARIES = YES;
				CODE_SIGN_STYLE = Automatic;
				INFOPLIST_FILE = CampusAccesibleUITests/Info.plist;
				LD_RUNPATH_SEARCH_PATHS = "$(inherited) @executable_path/Frameworks @loader_path/Frameworks";
				PRODUCT_BUNDLE_IDENTIFIER = ITESM.CampusAccesibleUITests;
				PRODUCT_NAME = "$(TARGET_NAME)";
				SWIFT_VERSION = 4.0;
				TARGETED_DEVICE_FAMILY = "1,2";
				TEST_TARGET_NAME = CampusAccesible;
			};
			name = Debug;
		};
		CF35ADBE2059985B00A3F17D /* Release */ = {
			isa = XCBuildConfiguration;
			buildSettings = {
				ALWAYS_EMBED_SWIFT_STANDARD_LIBRARIES = YES;
				CODE_SIGN_STYLE = Automatic;
				INFOPLIST_FILE = CampusAccesibleUITests/Info.plist;
				LD_RUNPATH_SEARCH_PATHS = "$(inherited) @executable_path/Frameworks @loader_path/Frameworks";
				PRODUCT_BUNDLE_IDENTIFIER = ITESM.CampusAccesibleUITests;
				PRODUCT_NAME = "$(TARGET_NAME)";
				SWIFT_VERSION = 4.0;
				TARGETED_DEVICE_FAMILY = "1,2";
				TEST_TARGET_NAME = CampusAccesible;
			};
			name = Release;
		};
/* End XCBuildConfiguration section */

/* Begin XCConfigurationList section */
		CF35AD872059985B00A3F17D /* Build configuration list for PBXProject "CampusAccesible" */ = {
			isa = XCConfigurationList;
			buildConfigurations = (
				CF35ADB42059985B00A3F17D /* Debug */,
				CF35ADB52059985B00A3F17D /* Release */,
			);
			defaultConfigurationIsVisible = 0;
			defaultConfigurationName = Release;
		};
		CF35ADB62059985B00A3F17D /* Build configuration list for PBXNativeTarget "CampusAccesible" */ = {
			isa = XCConfigurationList;
			buildConfigurations = (
				CF35ADB72059985B00A3F17D /* Debug */,
				CF35ADB82059985B00A3F17D /* Release */,
			);
			defaultConfigurationIsVisible = 0;
			defaultConfigurationName = Release;
		};
		CF35ADB92059985B00A3F17D /* Build configuration list for PBXNativeTarget "CampusAccesibleTests" */ = {
			isa = XCConfigurationList;
			buildConfigurations = (
				CF35ADBA2059985B00A3F17D /* Debug */,
				CF35ADBB2059985B00A3F17D /* Release */,
			);
			defaultConfigurationIsVisible = 0;
			defaultConfigurationName = Release;
		};
		CF35ADBC2059985B00A3F17D /* Build configuration list for PBXNativeTarget "CampusAccesibleUITests" */ = {
			isa = XCConfigurationList;
			buildConfigurations = (
				CF35ADBD2059985B00A3F17D /* Debug */,
				CF35ADBE2059985B00A3F17D /* Release */,
			);
			defaultConfigurationIsVisible = 0;
			defaultConfigurationName = Release;
		};
/* End XCConfigurationList section */
	};
	rootObject = CF35AD842059985B00A3F17D /* Project object */;
}
